// !$*UTF8*$!
{
	archiveVersion = 1;
	classes = {
	};
	objectVersion = 46;
	objects = {

/* Begin PBXBuildFile section */
		0BE61C5AC8965789C2B245EE /* Pods_forum_revamped.framework in Frameworks */ = {isa = PBXBuildFile; fileRef = F698D3202C9B5E3FFEFC84A0 /* Pods_forum_revamped.framework */; };
		4BA0DCCA1F3A1CC300DED8A8 /* AppDelegate.swift in Sources */ = {isa = PBXBuildFile; fileRef = 4BA0DCC91F3A1CC300DED8A8 /* AppDelegate.swift */; };
		4BA0DCCC1F3A1CC300DED8A8 /* ViewController.swift in Sources */ = {isa = PBXBuildFile; fileRef = 4BA0DCCB1F3A1CC300DED8A8 /* ViewController.swift */; };
		4BA0DCCF1F3A1CC300DED8A8 /* Main.storyboard in Resources */ = {isa = PBXBuildFile; fileRef = 4BA0DCCD1F3A1CC300DED8A8 /* Main.storyboard */; };
		4BA0DCD11F3A1CC300DED8A8 /* Assets.xcassets in Resources */ = {isa = PBXBuildFile; fileRef = 4BA0DCD01F3A1CC300DED8A8 /* Assets.xcassets */; };
		4BA0DCD41F3A1CC300DED8A8 /* LaunchScreen.storyboard in Resources */ = {isa = PBXBuildFile; fileRef = 4BA0DCD21F3A1CC300DED8A8 /* LaunchScreen.storyboard */; };
		4BA0DCDC1F3A4B1500DED8A8 /* model.swift in Sources */ = {isa = PBXBuildFile; fileRef = 4BA0DCDB1F3A4B1500DED8A8 /* model.swift */; };
		4BA0DCDE1F3A4C3A00DED8A8 /* ForumCollectionViewCell.swift in Sources */ = {isa = PBXBuildFile; fileRef = 4BA0DCDD1F3A4C3A00DED8A8 /* ForumCollectionViewCell.swift */; };
		4BA0DCE01F3A55F400DED8A8 /* forumTableViewCell.swift in Sources */ = {isa = PBXBuildFile; fileRef = 4BA0DCDF1F3A55F400DED8A8 /* forumTableViewCell.swift */; };
/* End PBXBuildFile section */

/* Begin PBXFileReference section */
		4BA0DCC61F3A1CC300DED8A8 /* forum_revamped.app */ = {isa = PBXFileReference; explicitFileType = wrapper.application; includeInIndex = 0; path = forum_revamped.app; sourceTree = BUILT_PRODUCTS_DIR; };
		4BA0DCC91F3A1CC300DED8A8 /* AppDelegate.swift */ = {isa = PBXFileReference; lastKnownFileType = sourcecode.swift; path = AppDelegate.swift; sourceTree = "<group>"; };
		4BA0DCCB1F3A1CC300DED8A8 /* ViewController.swift */ = {isa = PBXFileReference; lastKnownFileType = sourcecode.swift; path = ViewController.swift; sourceTree = "<group>"; };
		4BA0DCCE1F3A1CC300DED8A8 /* Base */ = {isa = PBXFileReference; lastKnownFileType = file.storyboard; name = Base; path = Base.lproj/Main.storyboard; sourceTree = "<group>"; };
		4BA0DCD01F3A1CC300DED8A8 /* Assets.xcassets */ = {isa = PBXFileReference; lastKnownFileType = folder.assetcatalog; path = Assets.xcassets; sourceTree = "<group>"; };
		4BA0DCD31F3A1CC300DED8A8 /* Base */ = {isa = PBXFileReference; lastKnownFileType = file.storyboard; name = Base; path = Base.lproj/LaunchScreen.storyboard; sourceTree = "<group>"; };
		4BA0DCD51F3A1CC300DED8A8 /* Info.plist */ = {isa = PBXFileReference; lastKnownFileType = text.plist.xml; path = Info.plist; sourceTree = "<group>"; };
		4BA0DCDB1F3A4B1500DED8A8 /* model.swift */ = {isa = PBXFileReference; fileEncoding = 4; lastKnownFileType = sourcecode.swift; path = model.swift; sourceTree = "<group>"; };
		4BA0DCDD1F3A4C3A00DED8A8 /* ForumCollectionViewCell.swift */ = {isa = PBXFileReference; fileEncoding = 4; lastKnownFileType = sourcecode.swift; path = ForumCollectionViewCell.swift; sourceTree = "<group>"; };
		4BA0DCDF1F3A55F400DED8A8 /* forumTableViewCell.swift */ = {isa = PBXFileReference; fileEncoding = 4; lastKnownFileType = sourcecode.swift; path = forumTableViewCell.swift; sourceTree = "<group>"; };
		BA7E31DD3C90A65B055CBE7C /* Pods-forum_revamped.release.xcconfig */ = {isa = PBXFileReference; includeInIndex = 1; lastKnownFileType = text.xcconfig; name = "Pods-forum_revamped.release.xcconfig"; path = "Pods/Target Support Files/Pods-forum_revamped/Pods-forum_revamped.release.xcconfig"; sourceTree = "<group>"; };
		BCDE6DA6865B50AADD18A985 /* Pods-forum_revamped.debug.xcconfig */ = {isa = PBXFileReference; includeInIndex = 1; lastKnownFileType = text.xcconfig; name = "Pods-forum_revamped.debug.xcconfig"; path = "Pods/Target Support Files/Pods-forum_revamped/Pods-forum_revamped.debug.xcconfig"; sourceTree = "<group>"; };
		F698D3202C9B5E3FFEFC84A0 /* Pods_forum_revamped.framework */ = {isa = PBXFileReference; explicitFileType = wrapper.framework; includeInIndex = 0; path = Pods_forum_revamped.framework; sourceTree = BUILT_PRODUCTS_DIR; };
/* End PBXFileReference section */

/* Begin PBXFrameworksBuildPhase section */
		4BA0DCC31F3A1CC300DED8A8 /* Frameworks */ = {
			isa = PBXFrameworksBuildPhase;
			buildActionMask = 2147483647;
			files = (
				0BE61C5AC8965789C2B245EE /* Pods_forum_revamped.framework in Frameworks */,
			);
			runOnlyForDeploymentPostprocessing = 0;
		};
/* End PBXFrameworksBuildPhase section */

/* Begin PBXGroup section */
		2374A11BF7339FA5488B05E4 /* Pods */ = {
			isa = PBXGroup;
			children = (
				BCDE6DA6865B50AADD18A985 /* Pods-forum_revamped.debug.xcconfig */,
				BA7E31DD3C90A65B055CBE7C /* Pods-forum_revamped.release.xcconfig */,
			);
			name = Pods;
			sourceTree = "<group>";
		};
		4BA0DCBD1F3A1CC300DED8A8 = {
			isa = PBXGroup;
			children = (
				4BA0DCC81F3A1CC300DED8A8 /* forum_revamped */,
				4BA0DCC71F3A1CC300DED8A8 /* Products */,
				2374A11BF7339FA5488B05E4 /* Pods */,
				9BB3CBE022C46FDF1F662ADC /* Frameworks */,
			);
			sourceTree = "<group>";
		};
		4BA0DCC71F3A1CC300DED8A8 /* Products */ = {
			isa = PBXGroup;
			children = (
				4BA0DCC61F3A1CC300DED8A8 /* forum_revamped.app */,
			);
			name = Products;
			sourceTree = "<group>";
		};
		4BA0DCC81F3A1CC300DED8A8 /* forum_revamped */ = {
			isa = PBXGroup;
			children = (
				4BA0DCDB1F3A4B1500DED8A8 /* model.swift */,
				4BA0DCDF1F3A55F400DED8A8 /* forumTableViewCell.swift */,
				4BA0DCC91F3A1CC300DED8A8 /* AppDelegate.swift */,
				4BA0DCCB1F3A1CC300DED8A8 /* ViewController.swift */,
				4BA0DCDD1F3A4C3A00DED8A8 /* ForumCollectionViewCell.swift */,
				4BA0DCCD1F3A1CC300DED8A8 /* Main.storyboard */,
				4BA0DCD01F3A1CC300DED8A8 /* Assets.xcassets */,
				4BA0DCD21F3A1CC300DED8A8 /* LaunchScreen.storyboard */,
				4BA0DCD51F3A1CC300DED8A8 /* Info.plist */,
			);
			path = forum_revamped;
			sourceTree = "<group>";
		};
		9BB3CBE022C46FDF1F662ADC /* Frameworks */ = {
			isa = PBXGroup;
			children = (
				F698D3202C9B5E3FFEFC84A0 /* Pods_forum_revamped.framework */,
			);
			name = Frameworks;
			sourceTree = "<group>";
		};
/* End PBXGroup section */

/* Begin PBXNativeTarget section */
		4BA0DCC51F3A1CC300DED8A8 /* forum_revamped */ = {
			isa = PBXNativeTarget;
			buildConfigurationList = 4BA0DCD81F3A1CC300DED8A8 /* Build configuration list for PBXNativeTarget "forum_revamped" */;
			buildPhases = (
				02495A849114C68880304CC6 /* [CP] Check Pods Manifest.lock */,
				4BA0DCC21F3A1CC300DED8A8 /* Sources */,
				4BA0DCC31F3A1CC300DED8A8 /* Frameworks */,
				4BA0DCC41F3A1CC300DED8A8 /* Resources */,
				AD7BA31B77314AC0704A5A47 /* [CP] Embed Pods Frameworks */,
				154C14EFC326F81F458CDDB2 /* [CP] Copy Pods Resources */,
			);
			buildRules = (
			);
			dependencies = (
			);
			name = forum_revamped;
			productName = forum_revamped;
			productReference = 4BA0DCC61F3A1CC300DED8A8 /* forum_revamped.app */;
			productType = "com.apple.product-type.application";
		};
/* End PBXNativeTarget section */

/* Begin PBXProject section */
		4BA0DCBE1F3A1CC300DED8A8 /* Project object */ = {
			isa = PBXProject;
			attributes = {
				LastSwiftUpdateCheck = 0830;
				LastUpgradeCheck = 0830;
				ORGANIZATIONNAME = "indresh arora";
				TargetAttributes = {
					4BA0DCC51F3A1CC300DED8A8 = {
						CreatedOnToolsVersion = 8.3.2;
						DevelopmentTeam = 22MQY5GLD5;
						ProvisioningStyle = Automatic;
					};
				};
			};
			buildConfigurationList = 4BA0DCC11F3A1CC300DED8A8 /* Build configuration list for PBXProject "forum_revamped" */;
			compatibilityVersion = "Xcode 3.2";
			developmentRegion = English;
			hasScannedForEncodings = 0;
			knownRegions = (
				en,
				Base,
			);
			mainGroup = 4BA0DCBD1F3A1CC300DED8A8;
			productRefGroup = 4BA0DCC71F3A1CC300DED8A8 /* Products */;
			projectDirPath = "";
			projectRoot = "";
			targets = (
				4BA0DCC51F3A1CC300DED8A8 /* forum_revamped */,
			);
		};
/* End PBXProject section */

/* Begin PBXResourcesBuildPhase section */
		4BA0DCC41F3A1CC300DED8A8 /* Resources */ = {
			isa = PBXResourcesBuildPhase;
			buildActionMask = 2147483647;
			files = (
				4BA0DCD41F3A1CC300DED8A8 /* LaunchScreen.storyboard in Resources */,
				4BA0DCD11F3A1CC300DED8A8 /* Assets.xcassets in Resources */,
				4BA0DCCF1F3A1CC300DED8A8 /* Main.storyboard in Resources */,
			);
			runOnlyForDeploymentPostprocessing = 0;
		};
/* End PBXResourcesBuildPhase section */

/* Begin PBXShellScriptBuildPhase section */
		02495A849114C68880304CC6 /* [CP] Check Pods Manifest.lock */ = {
			isa = PBXShellScriptBuildPhase;
			buildActionMask = 2147483647;
			files = (
			);
			inputPaths = (
			);
			name = "[CP] Check Pods Manifest.lock";
			outputPaths = (
			);
			runOnlyForDeploymentPostprocessing = 0;
			shellPath = /bin/sh;
			shellScript = "diff \"${PODS_ROOT}/../Podfile.lock\" \"${PODS_ROOT}/Manifest.lock\" > /dev/null\nif [ $? != 0 ] ; then\n    # print error to STDERR\n    echo \"error: The sandbox is not in sync with the Podfile.lock. Run 'pod install' or update your CocoaPods installation.\" >&2\n    exit 1\nfi\n";
			showEnvVarsInLog = 0;
		};
		154C14EFC326F81F458CDDB2 /* [CP] Copy Pods Resources */ = {
			isa = PBXShellScriptBuildPhase;
			buildActionMask = 2147483647;
			files = (
			);
			inputPaths = (
			);
			name = "[CP] Copy Pods Resources";
			outputPaths = (
			);
			runOnlyForDeploymentPostprocessing = 0;
			shellPath = /bin/sh;
			shellScript = "\"${SRCROOT}/Pods/Target Support Files/Pods-forum_revamped/Pods-forum_revamped-resources.sh\"\n";
			showEnvVarsInLog = 0;
		};
		AD7BA31B77314AC0704A5A47 /* [CP] Embed Pods Frameworks */ = {
			isa = PBXShellScriptBuildPhase;
			buildActionMask = 2147483647;
			files = (
			);
			inputPaths = (
			);
			name = "[CP] Embed Pods Frameworks";
			outputPaths = (
			);
			runOnlyForDeploymentPostprocessing = 0;
			shellPath = /bin/sh;
			shellScript = "\"${SRCROOT}/Pods/Target Support Files/Pods-forum_revamped/Pods-forum_revamped-frameworks.sh\"\n";
			showEnvVarsInLog = 0;
		};
/* End PBXShellScriptBuildPhase section */

/* Begin PBXSourcesBuildPhase section */
		4BA0DCC21F3A1CC300DED8A8 /* Sources */ = {
			isa = PBXSourcesBuildPhase;
			buildActionMask = 2147483647;
			files = (
				4BA0DCDE1F3A4C3A00DED8A8 /* ForumCollectionViewCell.swift in Sources */,
				4BA0DCE01F3A55F400DED8A8 /* forumTableViewCell.swift in Sources */,
				4BA0DCCC1F3A1CC300DED8A8 /* ViewController.swift in Sources */,
				4BA0DCDC1F3A4B1500DED8A8 /* model.swift in Sources */,
				4BA0DCCA1F3A1CC300DED8A8 /* AppDelegate.swift in Sources */,
			);
			runOnlyForDeploymentPostprocessing = 0;
		};
/* End PBXSourcesBuildPhase section */

/* Begin PBXVariantGroup section */
		4BA0DCCD1F3A1CC300DED8A8 /* Main.storyboard */ = {
			isa = PBXVariantGroup;
			children = (
				4BA0DCCE1F3A1CC300DED8A8 /* Base */,
			);
			name = Main.storyboard;
			sourceTree = "<group>";
		};
		4BA0DCD21F3A1CC300DED8A8 /* LaunchScreen.storyboard */ = {
			isa = PBXVariantGroup;
			children = (
				4BA0DCD31F3A1CC300DED8A8 /* Base */,
			);
			name = LaunchScreen.storyboard;
			sourceTree = "<group>";
		};
/* End PBXVariantGroup section */

/* Begin XCBuildConfiguration section */
		4BA0DCD61F3A1CC300DED8A8 /* Debug */ = {
			isa = XCBuildConfiguration;
			buildSettings = {
				ALWAYS_SEARCH_USER_PATHS = NO;
				CLANG_ANALYZER_NONNULL = YES;
				CLANG_ANALYZER_NUMBER_OBJECT_CONVERSION = YES_AGGRESSIVE;
				CLANG_CXX_LANGUAGE_STANDARD = "gnu++0x";
				CLANG_CXX_LIBRARY = "libc++";
				CLANG_ENABLE_MODULES = YES;
				CLANG_ENABLE_OBJC_ARC = YES;
				CLANG_WARN_BOOL_CONVERSION = YES;
				CLANG_WARN_CONSTANT_CONVERSION = YES;
				CLANG_WARN_DIRECT_OBJC_ISA_USAGE = YES_ERROR;
				CLANG_WARN_DOCUMENTATION_COMMENTS = YES;
				CLANG_WARN_EMPTY_BODY = YES;
				CLANG_WARN_ENUM_CONVERSION = YES;
				CLANG_WARN_INFINITE_RECURSION = YES;
				CLANG_WARN_INT_CONVERSION = YES;
				CLANG_WARN_OBJC_ROOT_CLASS = YES_ERROR;
				CLANG_WARN_SUSPICIOUS_MOVE = YES;
				CLANG_WARN_UNREACHABLE_CODE = YES;
				CLANG_WARN__DUPLICATE_METHOD_MATCH = YES;
				"CODE_SIGN_IDENTITY[sdk=iphoneos*]" = "iPhone Developer";
				COPY_PHASE_STRIP = NO;
				DEBUG_INFORMATION_FORMAT = dwarf;
				ENABLE_STRICT_OBJC_MSGSEND = YES;
				ENABLE_TESTABILITY = YES;
				GCC_C_LANGUAGE_STANDARD = gnu99;
				GCC_DYNAMIC_NO_PIC = NO;
				GCC_NO_COMMON_BLOCKS = YES;
				GCC_OPTIMIZATION_LEVEL = 0;
				GCC_PREPROCESSOR_DEFINITIONS = (
					"DEBUG=1",
					"$(inherited)",
				);
				GCC_WARN_64_TO_32_BIT_CONVERSION = YES;
				GCC_WARN_ABOUT_RETURN_TYPE = YES_ERROR;
				GCC_WARN_UNDECLARED_SELECTOR = YES;
				GCC_WARN_UNINITIALIZED_AUTOS = YES_AGGRESSIVE;
				GCC_WARN_UNUSED_FUNCTION = YES;
				GCC_WARN_UNUSED_VARIABLE = YES;
				IPHONEOS_DEPLOYMENT_TARGET = 10.3;
				MTL_ENABLE_DEBUG_INFO = YES;
				ONLY_ACTIVE_ARCH = YES;
				SDKROOT = iphoneos;
				SWIFT_ACTIVE_COMPILATION_CONDITIONS = DEBUG;
				SWIFT_OPTIMIZATION_LEVEL = "-Onone";
				TARGETED_DEVICE_FAMILY = "1,2";
			};
			name = Debug;
		};
		4BA0DCD71F3A1CC300DED8A8 /* Release */ = {
			isa = XCBuildConfiguration;
			buildSettings = {
				ALWAYS_SEARCH_USER_PATHS = NO;
				CLANG_ANALYZER_NONNULL = YES;
				CLANG_ANALYZER_NUMBER_OBJECT_CONVERSION = YES_AGGRESSIVE;
				CLANG_CXX_LANGUAGE_STANDARD = "gnu++0x";
				CLANG_CXX_LIBRARY = "libc++";
				CLANG_ENABLE_MODULES = YES;
				CLANG_ENABLE_OBJC_ARC = YES;
				CLANG_WARN_BOOL_CONVERSION = YES;
				CLANG_WARN_CONSTANT_CONVERSION = YES;
				CLANG_WARN_DIRECT_OBJC_ISA_USAGE = YES_ERROR;
				CLANG_WARN_DOCUMENTATION_COMMENTS = YES;
				CLANG_WARN_EMPTY_BODY = YES;
				CLANG_WARN_ENUM_CONVERSION = YES;
				CLANG_WARN_INFINITE_RECURSION = YES;
				CLANG_WARN_INT_CONVERSION = YES;
				CLANG_WARN_OBJC_ROOT_CLASS = YES_ERROR;
				CLANG_WARN_SUSPICIOUS_MOVE = YES;
				CLANG_WARN_UNREACHABLE_CODE = YES;
				CLANG_WARN__DUPLICATE_METHOD_MATCH = YES;
				"CODE_SIGN_IDENTITY[sdk=iphoneos*]" = "iPhone Developer";
				COPY_PHASE_STRIP = NO;
				DEBUG_INFORMATION_FORMAT = "dwarf-with-dsym";
				ENABLE_NS_ASSERTIONS = NO;
				ENABLE_STRICT_OBJC_MSGSEND = YES;
				GCC_C_LANGUAGE_STANDARD = gnu99;
				GCC_NO_COMMON_BLOCKS = YES;
				GCC_WARN_64_TO_32_BIT_CONVERSION = YES;
				GCC_WARN_ABOUT_RETURN_TYPE = YES_ERROR;
				GCC_WARN_UNDECLARED_SELECTOR = YES;
				GCC_WARN_UNINITIALIZED_AUTOS = YES_AGGRESSIVE;
				GCC_WARN_UNUSED_FUNCTION = YES;
				GCC_WARN_UNUSED_VARIABLE = YES;
				IPHONEOS_DEPLOYMENT_TARGET = 10.3;
				MTL_ENABLE_DEBUG_INFO = NO;
				SDKROOT = iphoneos;
				SWIFT_OPTIMIZATION_LEVEL = "-Owholemodule";
				TARGETED_DEVICE_FAMILY = "1,2";
				VALIDATE_PRODUCT = YES;
			};
			name = Release;
		};
		4BA0DCD91F3A1CC300DED8A8 /* Debug */ = {
			isa = XCBuildConfiguration;
			baseConfigurationReference = BCDE6DA6865B50AADD18A985 /* Pods-forum_revamped.debug.xcconfig */;
			buildSettings = {
				ASSETCATALOG_COMPILER_APPICON_NAME = AppIcon;
				DEVELOPMENT_TEAM = 22MQY5GLD5;
				INFOPLIST_FILE = forum_revamped/Info.plist;
				LD_RUNPATH_SEARCH_PATHS = "$(inherited) @executable_path/Frameworks";
				PRODUCT_BUNDLE_IDENTIFIER = "ia.forum-revamped";
				PRODUCT_NAME = "$(TARGET_NAME)";
				SWIFT_VERSION = 3.0;
			};
			name = Debug;
		};
		4BA0DCDA1F3A1CC300DED8A8 /* Release */ = {
			isa = XCBuildConfiguration;
			baseConfigurationReference = BA7E31DD3C90A65B055CBE7C /* Pods-forum_revamped.release.xcconfig */;
			buildSettings = {
				ASSETCATALOG_COMPILER_APPICON_NAME = AppIcon;
				DEVELOPMENT_TEAM = 22MQY5GLD5;
				INFOPLIST_FILE = forum_revamped/Info.plist;
				LD_RUNPATH_SEARCH_PATHS = "$(inherited) @executable_path/Frameworks";
				PRODUCT_BUNDLE_IDENTIFIER = "ia.forum-revamped";
				PRODUCT_NAME = "$(TARGET_NAME)";
				SWIFT_VERSION = 3.0;
			};
			name = Release;
		};
/* End XCBuildConfiguration section */

/* Begin XCConfigurationList section */
		4BA0DCC11F3A1CC300DED8A8 /* Build configuration list for PBXProject "forum_revamped" */ = {
			isa = XCConfigurationList;
			buildConfigurations = (
				4BA0DCD61F3A1CC300DED8A8 /* Debug */,
				4BA0DCD71F3A1CC300DED8A8 /* Release */,
			);
			defaultConfigurationIsVisible = 0;
			defaultConfigurationName = Release;
		};
		4BA0DCD81F3A1CC300DED8A8 /* Build configuration list for PBXNativeTarget "forum_revamped" */ = {
			isa = XCConfigurationList;
			buildConfigurations = (
				4BA0DCD91F3A1CC300DED8A8 /* Debug */,
				4BA0DCDA1F3A1CC300DED8A8 /* Release */,
			);
			defaultConfigurationIsVisible = 0;
		};
/* End XCConfigurationList section */
	};
	rootObject = 4BA0DCBE1F3A1CC300DED8A8 /* Project object */;
}
